{
  "requires": true,
  "lockfileVersion": 1,
  "dependencies": {
    "jweixin-module": {
      "version": "1.4.1",
      "resolved": "http://r.cnpmjs.org/jweixin-module/download/jweixin-module-1.4.1.tgz",
      "integrity": "sha1-H8j6QmIiQ/bDVlHScs1Yfev1bNE="
    },
    "tki-qrcode": {
      "version": "0.1.6",
      "resolved": "http://r.cnpmjs.org/tki-qrcode/download/tki-qrcode-0.1.6.tgz",
      "integrity": "sha1-cTc9nEs/iUT6pU0+6Ziroz2X3n8="
    },
    "js-base64": {
      "version": "2.5.2",
      "resolved": "https://registry.npmjs.org/js-base64/-/js-base64-2.5.2.tgz",
      "integrity": "sha512-Vg8czh0Q7sFBSUMWWArX/miJeBWYBPpdU/3M/DKSaekLMqrqVPaedp+5mZhie/r0lgrcaYBfwXatEew6gwgiQQ=="
    }
  }
}
